
Microsoft Visual Studio Solution File, Format Version 12.00
# Visual Studio 15
VisualStudioVersion = 15.0.28010.2036
MinimumVisualStudioVersion = 10.0.40219.1
Project("{FAE04EC0-301F-11D3-BF4B-00C04F79EFBC}") = "Shapes", "Bank\Shapes.csproj", "{D0A71A4D-D4A9-4E76-804A-818DC529761C}"
EndProject
Global
	GlobalSection(SolutionConfigurationPlatforms) = preSolution
		Debug|Any CPU = Debug|Any CPU
		Release|Any CPU = Release|Any CPU
	EndGlobalSection
	GlobalSection(ProjectConfigurationPlatforms) = postSolution
		{D0A71A4D-D4A9-4E76-804A-818DC529761C}.Debug|Any CPU.ActiveCfg = Debug|Any CPU
		{D0A71A4D-D4A9-4E76-804A-818DC529761C}.Debug|Any CPU.Build.0 = Debug|Any CPU
		{D0A71A4D-D4A9-4E76-804A-818DC529761C}.Release|Any CPU.ActiveCfg = Release|Any CPU
		{D0A71A4D-D4A9-4E76-804A-818DC529761C}.Release|Any CPU.Build.0 = Release|Any CPU
	EndGlobalSection
	GlobalSection(SolutionProperties) = preSolution
		HideSolutionNode = FALSE
	EndGlobalSection
	GlobalSection(ExtensibilityGlobals) = postSolution
		SolutionGuid = {AC827A6D-78F1-492B-94B6-56A62AAE4E0D}
	EndGlobalSection
EndGlobal
